// !$*UTF8*$!
{
	archiveVersion = 1;
	classes = {
	};
	objectVersion = 52;
	objects = {

/* Begin PBXBuildFile section */
		0A002E01249E595400DC6103 /* Game.swift in Sources */ = {isa = PBXBuildFile; fileRef = 0A002E00249E595400DC6103 /* Game.swift */; };
		0A002E03249E938B00DC6103 /* Button.swift in Sources */ = {isa = PBXBuildFile; fileRef = 0A002E02249E938B00DC6103 /* Button.swift */; };
		0A37166A24686C0900D6A0F9 /* CheckInternetConnection.swift in Sources */ = {isa = PBXBuildFile; fileRef = 0A37166924686C0900D6A0F9 /* CheckInternetConnection.swift */; };
		0A3C7018246567200088904A /* AppDelegate.swift in Sources */ = {isa = PBXBuildFile; fileRef = 0A3C7017246567200088904A /* AppDelegate.swift */; };
		0A3C701A246567200088904A /* SceneDelegate.swift in Sources */ = {isa = PBXBuildFile; fileRef = 0A3C7019246567200088904A /* SceneDelegate.swift */; };
		0A3C701D246567200088904A /* AnlatBakalim.xcdatamodeld in Sources */ = {isa = PBXBuildFile; fileRef = 0A3C701B246567200088904A /* AnlatBakalim.xcdatamodeld */; };
		0A3C701F246567200088904A /* ContentView.swift in Sources */ = {isa = PBXBuildFile; fileRef = 0A3C701E246567200088904A /* ContentView.swift */; };
		0A3C7021246567220088904A /* Assets.xcassets in Resources */ = {isa = PBXBuildFile; fileRef = 0A3C7020246567220088904A /* Assets.xcassets */; };
		0A3C7024246567220088904A /* Preview Assets.xcassets in Resources */ = {isa = PBXBuildFile; fileRef = 0A3C7023246567220088904A /* Preview Assets.xcassets */; };
		0A3C7027246567220088904A /* LaunchScreen.storyboard in Resources */ = {isa = PBXBuildFile; fileRef = 0A3C7025246567220088904A /* LaunchScreen.storyboard */; };
		0A3C703124656C700088904A /* Word.swift in Sources */ = {isa = PBXBuildFile; fileRef = 0A3C703024656C700088904A /* Word.swift */; };
		0A3C7035246573470088904A /* Fetcher.swift in Sources */ = {isa = PBXBuildFile; fileRef = 0A3C7034246573470088904A /* Fetcher.swift */; };
		0A3C703B24658BD00088904A /* words.json in Resources */ = {isa = PBXBuildFile; fileRef = 0A3C703A24658BD00088904A /* words.json */; };
		0A3C703D2465A1230088904A /* SingleWordItem.swift in Sources */ = {isa = PBXBuildFile; fileRef = 0A3C703C2465A1230088904A /* SingleWordItem.swift */; };
		0A3C70432465D65C0088904A /* Utils.swift in Sources */ = {isa = PBXBuildFile; fileRef = 0A3C70422465D65C0088904A /* Utils.swift */; };
		0A3C70452465DD3E0088904A /* TimerRing.swift in Sources */ = {isa = PBXBuildFile; fileRef = 0A3C70442465DD3E0088904A /* TimerRing.swift */; };
		0A90007D249541190091733D /* Kalam-Regular.ttf in Resources */ = {isa = PBXBuildFile; fileRef = 0A90007A249541190091733D /* Kalam-Regular.ttf */; };
		0A90007E249541190091733D /* Kalam-Light.ttf in Resources */ = {isa = PBXBuildFile; fileRef = 0A90007B249541190091733D /* Kalam-Light.ttf */; };
		0A90007F249541190091733D /* Kalam-Bold.ttf in Resources */ = {isa = PBXBuildFile; fileRef = 0A90007C249541190091733D /* Kalam-Bold.ttf */; };
		0A9000802495414A0091733D /* Kalam-Bold.ttf in CopyFiles */ = {isa = PBXBuildFile; fileRef = 0A90007C249541190091733D /* Kalam-Bold.ttf */; };
		0A9000812495414A0091733D /* Kalam-Light.ttf in CopyFiles */ = {isa = PBXBuildFile; fileRef = 0A90007B249541190091733D /* Kalam-Light.ttf */; };
		0A9000822495414A0091733D /* Kalam-Regular.ttf in CopyFiles */ = {isa = PBXBuildFile; fileRef = 0A90007A249541190091733D /* Kalam-Regular.ttf */; };
		0A90297E25A0D81A001D99E6 /* ConfettiView in Frameworks */ = {isa = PBXBuildFile; productRef = 0A90297D25A0D81A001D99E6 /* ConfettiView */; };
		0A950105249FA4C00049477E /* GoodButton.swift in Sources */ = {isa = PBXBuildFile; fileRef = 0A950104249FA4C00049477E /* GoodButton.swift */; };
		0A9B8F6D24A88DD000CA3BEA /* monogram_extended.ttf in Resources */ = {isa = PBXBuildFile; fileRef = 0A9B8F6C24A88DD000CA3BEA /* monogram_extended.ttf */; };
		0A9B8F6E24A88E3900CA3BEA /* monogram_extended.ttf in CopyFiles */ = {isa = PBXBuildFile; fileRef = 0A9B8F6C24A88DD000CA3BEA /* monogram_extended.ttf */; };
		0AB4D339248BD67E0084DFB5 /* crumbling.mp3 in Resources */ = {isa = PBXBuildFile; fileRef = 0AB4D338248BD67E0084DFB5 /* crumbling.mp3 */; };
		0AB4D33B248BD6920084DFB5 /* SoundEffects.swift in Sources */ = {isa = PBXBuildFile; fileRef = 0AB4D33A248BD6920084DFB5 /* SoundEffects.swift */; };
		0AC1B33B25B3266800B42C52 /* GameEndedView.swift in Sources */ = {isa = PBXBuildFile; fileRef = 0AC1B33A25B3266800B42C52 /* GameEndedView.swift */; };
		0AC1B33E25B3276100B42C52 /* HeaderView.swift in Sources */ = {isa = PBXBuildFile; fileRef = 0AC1B33D25B3276100B42C52 /* HeaderView.swift */; };
		0AC1B35C25B33A9500B42C52 /* SettingsView.swift in Sources */ = {isa = PBXBuildFile; fileRef = 0AC1B35B25B33A9500B42C52 /* SettingsView.swift */; };
		0AC1B36025B33DCB00B42C52 /* TrueOrFalseIcons.swift in Sources */ = {isa = PBXBuildFile; fileRef = 0AC1B35F25B33DCB00B42C52 /* TrueOrFalseIcons.swift */; };
		0AC1B36325B33E9800B42C52 /* PlayButton.swift in Sources */ = {isa = PBXBuildFile; fileRef = 0AC1B36225B33E9800B42C52 /* PlayButton.swift */; };
		0AC1B36625B3414200B42C52 /* PromotionButton.swift in Sources */ = {isa = PBXBuildFile; fileRef = 0AC1B36525B3414200B42C52 /* PromotionButton.swift */; };
		0AC1B36925B341CB00B42C52 /* CardStackView.swift in Sources */ = {isa = PBXBuildFile; fileRef = 0AC1B36825B341CB00B42C52 /* CardStackView.swift */; };
		0AC2219924A8D43A007E3BE9 /* point2.mp3 in Resources */ = {isa = PBXBuildFile; fileRef = 0AC2219124A8D439007E3BE9 /* point2.mp3 */; };
		0AC2219A24A8D43A007E3BE9 /* lose.mp3 in Resources */ = {isa = PBXBuildFile; fileRef = 0AC2219224A8D43A007E3BE9 /* lose.mp3 */; };
		0AC2219B24A8D43A007E3BE9 /* lose2.mp3 in Resources */ = {isa = PBXBuildFile; fileRef = 0AC2219324A8D43A007E3BE9 /* lose2.mp3 */; };
		0AC2219C24A8D43A007E3BE9 /* lose3.mp3 in Resources */ = {isa = PBXBuildFile; fileRef = 0AC2219424A8D43A007E3BE9 /* lose3.mp3 */; };
		0AC2219D24A8D43A007E3BE9 /* newGame.mp3 in Resources */ = {isa = PBXBuildFile; fileRef = 0AC2219524A8D43A007E3BE9 /* newGame.mp3 */; };
		0AC2219E24A8D43A007E3BE9 /* newGame2.mp3 in Resources */ = {isa = PBXBuildFile; fileRef = 0AC2219624A8D43A007E3BE9 /* newGame2.mp3 */; };
		0AC2219F24A8D43A007E3BE9 /* point3.mp3 in Resources */ = {isa = PBXBuildFile; fileRef = 0AC2219724A8D43A007E3BE9 /* point3.mp3 */; };
		0AC221A024A8D43A007E3BE9 /* point.mp3 in Resources */ = {isa = PBXBuildFile; fileRef = 0AC2219824A8D43A007E3BE9 /* point.mp3 */; };
		0AC221A224A8DA96007E3BE9 /* menu.mp3 in Resources */ = {isa = PBXBuildFile; fileRef = 0AC221A124A8DA96007E3BE9 /* menu.mp3 */; };
		0AD5859125B48B38002C602C /* Silka Bold.otf in Resources */ = {isa = PBXBuildFile; fileRef = 0AD5858E25B48B37002C602C /* Silka Bold.otf */; };
		0AD5859225B48B38002C602C /* Silka Regular.otf in Resources */ = {isa = PBXBuildFile; fileRef = 0AD5858F25B48B37002C602C /* Silka Regular.otf */; };
		0AD5859325B48B38002C602C /* SpaceMono-Regular.ttf in Resources */ = {isa = PBXBuildFile; fileRef = 0AD5859025B48B38002C602C /* SpaceMono-Regular.ttf */; };
		0AD5859525B48B4E002C602C /* Silka Bold.otf in CopyFiles */ = {isa = PBXBuildFile; fileRef = 0AD5858E25B48B37002C602C /* Silka Bold.otf */; };
		0AD5859625B48B4E002C602C /* Silka Regular.otf in CopyFiles */ = {isa = PBXBuildFile; fileRef = 0AD5858F25B48B37002C602C /* Silka Regular.otf */; };
		0AD5859725B48B4E002C602C /* SpaceMono-Regular.ttf in CopyFiles */ = {isa = PBXBuildFile; fileRef = 0AD5859025B48B38002C602C /* SpaceMono-Regular.ttf */; };
		0AD5859A25B48F05002C602C /* PromotionBanner.swift in Sources */ = {isa = PBXBuildFile; fileRef = 0AD5859925B48F05002C602C /* PromotionBanner.swift */; };
		0AD5859D25B5C6DC002C602C /* StoreKit.framework in Frameworks */ = {isa = PBXBuildFile; fileRef = 0AD5859C25B5C6DC002C602C /* StoreKit.framework */; };
		0AEB25FF2577D3AA008D9FDB /* PaymentManager.swift in Sources */ = {isa = PBXBuildFile; fileRef = 0AEB25FE2577D3AA008D9FDB /* PaymentManager.swift */; };
/* End PBXBuildFile section */

/* Begin PBXCopyFilesBuildPhase section */
		0AB4D333248BD56A0084DFB5 /* CopyFiles */ = {
			isa = PBXCopyFilesBuildPhase;
			buildActionMask = 2147483647;
			dstPath = Fonts;
			dstSubfolderSpec = 7;
			files = (
				0AD5859525B48B4E002C602C /* Silka Bold.otf in CopyFiles */,
				0AD5859625B48B4E002C602C /* Silka Regular.otf in CopyFiles */,
				0AD5859725B48B4E002C602C /* SpaceMono-Regular.ttf in CopyFiles */,
				0A9B8F6E24A88E3900CA3BEA /* monogram_extended.ttf in CopyFiles */,
				0A9000802495414A0091733D /* Kalam-Bold.ttf in CopyFiles */,
				0A9000812495414A0091733D /* Kalam-Light.ttf in CopyFiles */,
				0A9000822495414A0091733D /* Kalam-Regular.ttf in CopyFiles */,
			);
			runOnlyForDeploymentPostprocessing = 0;
		};
/* End PBXCopyFilesBuildPhase section */

/* Begin PBXFileReference section */
		0A002E00249E595400DC6103 /* Game.swift */ = {isa = PBXFileReference; lastKnownFileType = sourcecode.swift; path = Game.swift; sourceTree = "<group>"; };
		0A002E02249E938B00DC6103 /* Button.swift */ = {isa = PBXFileReference; lastKnownFileType = sourcecode.swift; path = Button.swift; sourceTree = "<group>"; };
		0A37166924686C0900D6A0F9 /* CheckInternetConnection.swift */ = {isa = PBXFileReference; lastKnownFileType = sourcecode.swift; path = CheckInternetConnection.swift; sourceTree = "<group>"; };
		0A3C7014246567200088904A /* Anlat Bakalım.app */ = {isa = PBXFileReference; explicitFileType = wrapper.application; includeInIndex = 0; path = "Anlat Bakalım.app"; sourceTree = BUILT_PRODUCTS_DIR; };
		0A3C7017246567200088904A /* AppDelegate.swift */ = {isa = PBXFileReference; lastKnownFileType = sourcecode.swift; path = AppDelegate.swift; sourceTree = "<group>"; };
		0A3C7019246567200088904A /* SceneDelegate.swift */ = {isa = PBXFileReference; lastKnownFileType = sourcecode.swift; path = SceneDelegate.swift; sourceTree = "<group>"; };
		0A3C701C246567200088904A /* AnlatBakalim.xcdatamodel */ = {isa = PBXFileReference; lastKnownFileType = wrapper.xcdatamodel; path = AnlatBakalim.xcdatamodel; sourceTree = "<group>"; };
		0A3C701E246567200088904A /* ContentView.swift */ = {isa = PBXFileReference; lastKnownFileType = sourcecode.swift; path = ContentView.swift; sourceTree = "<group>"; };
		0A3C7020246567220088904A /* Assets.xcassets */ = {isa = PBXFileReference; lastKnownFileType = folder.assetcatalog; path = Assets.xcassets; sourceTree = "<group>"; };
		0A3C7023246567220088904A /* Preview Assets.xcassets */ = {isa = PBXFileReference; lastKnownFileType = folder.assetcatalog; path = "Preview Assets.xcassets"; sourceTree = "<group>"; };
		0A3C7026246567220088904A /* Base */ = {isa = PBXFileReference; lastKnownFileType = file.storyboard; name = Base; path = Base.lproj/LaunchScreen.storyboard; sourceTree = "<group>"; };
		0A3C7028246567220088904A /* Info.plist */ = {isa = PBXFileReference; lastKnownFileType = text.plist.xml; path = Info.plist; sourceTree = "<group>"; };
		0A3C703024656C700088904A /* Word.swift */ = {isa = PBXFileReference; lastKnownFileType = sourcecode.swift; path = Word.swift; sourceTree = "<group>"; };
		0A3C7034246573470088904A /* Fetcher.swift */ = {isa = PBXFileReference; lastKnownFileType = sourcecode.swift; path = Fetcher.swift; sourceTree = "<group>"; };
		0A3C703A24658BD00088904A /* words.json */ = {isa = PBXFileReference; fileEncoding = 4; lastKnownFileType = text.json; path = words.json; sourceTree = "<group>"; };
		0A3C703C2465A1230088904A /* SingleWordItem.swift */ = {isa = PBXFileReference; lastKnownFileType = sourcecode.swift; path = SingleWordItem.swift; sourceTree = "<group>"; };
		0A3C70422465D65C0088904A /* Utils.swift */ = {isa = PBXFileReference; lastKnownFileType = sourcecode.swift; path = Utils.swift; sourceTree = "<group>"; };
		0A3C70442465DD3E0088904A /* TimerRing.swift */ = {isa = PBXFileReference; lastKnownFileType = sourcecode.swift; path = TimerRing.swift; sourceTree = "<group>"; };
		0A90007A249541190091733D /* Kalam-Regular.ttf */ = {isa = PBXFileReference; lastKnownFileType = file; path = "Kalam-Regular.ttf"; sourceTree = "<group>"; };
		0A90007B249541190091733D /* Kalam-Light.ttf */ = {isa = PBXFileReference; lastKnownFileType = file; path = "Kalam-Light.ttf"; sourceTree = "<group>"; };
		0A90007C249541190091733D /* Kalam-Bold.ttf */ = {isa = PBXFileReference; lastKnownFileType = file; path = "Kalam-Bold.ttf"; sourceTree = "<group>"; };
		0A950104249FA4C00049477E /* GoodButton.swift */ = {isa = PBXFileReference; lastKnownFileType = sourcecode.swift; path = GoodButton.swift; sourceTree = "<group>"; };
		0A9B8F6C24A88DD000CA3BEA /* monogram_extended.ttf */ = {isa = PBXFileReference; lastKnownFileType = file; path = monogram_extended.ttf; sourceTree = "<group>"; };
		0AB4D338248BD67E0084DFB5 /* crumbling.mp3 */ = {isa = PBXFileReference; lastKnownFileType = audio.mp3; path = crumbling.mp3; sourceTree = "<group>"; };
		0AB4D33A248BD6920084DFB5 /* SoundEffects.swift */ = {isa = PBXFileReference; lastKnownFileType = sourcecode.swift; path = SoundEffects.swift; sourceTree = "<group>"; };
		0AC1B33A25B3266800B42C52 /* GameEndedView.swift */ = {isa = PBXFileReference; lastKnownFileType = sourcecode.swift; path = GameEndedView.swift; sourceTree = "<group>"; };
		0AC1B33D25B3276100B42C52 /* HeaderView.swift */ = {isa = PBXFileReference; lastKnownFileType = sourcecode.swift; path = HeaderView.swift; sourceTree = "<group>"; };
		0AC1B35B25B33A9500B42C52 /* SettingsView.swift */ = {isa = PBXFileReference; lastKnownFileType = sourcecode.swift; path = SettingsView.swift; sourceTree = "<group>"; };
		0AC1B35F25B33DCB00B42C52 /* TrueOrFalseIcons.swift */ = {isa = PBXFileReference; lastKnownFileType = sourcecode.swift; path = TrueOrFalseIcons.swift; sourceTree = "<group>"; };
		0AC1B36225B33E9800B42C52 /* PlayButton.swift */ = {isa = PBXFileReference; lastKnownFileType = sourcecode.swift; path = PlayButton.swift; sourceTree = "<group>"; };
		0AC1B36525B3414200B42C52 /* PromotionButton.swift */ = {isa = PBXFileReference; lastKnownFileType = sourcecode.swift; path = PromotionButton.swift; sourceTree = "<group>"; };
		0AC1B36825B341CB00B42C52 /* CardStackView.swift */ = {isa = PBXFileReference; lastKnownFileType = sourcecode.swift; path = CardStackView.swift; sourceTree = "<group>"; };
		0AC2219124A8D439007E3BE9 /* point2.mp3 */ = {isa = PBXFileReference; lastKnownFileType = audio.mp3; path = point2.mp3; sourceTree = "<group>"; };
		0AC2219224A8D43A007E3BE9 /* lose.mp3 */ = {isa = PBXFileReference; lastKnownFileType = audio.mp3; path = lose.mp3; sourceTree = "<group>"; };
		0AC2219324A8D43A007E3BE9 /* lose2.mp3 */ = {isa = PBXFileReference; lastKnownFileType = audio.mp3; path = lose2.mp3; sourceTree = "<group>"; };
		0AC2219424A8D43A007E3BE9 /* lose3.mp3 */ = {isa = PBXFileReference; lastKnownFileType = audio.mp3; path = lose3.mp3; sourceTree = "<group>"; };
		0AC2219524A8D43A007E3BE9 /* newGame.mp3 */ = {isa = PBXFileReference; lastKnownFileType = audio.mp3; path = newGame.mp3; sourceTree = "<group>"; };
		0AC2219624A8D43A007E3BE9 /* newGame2.mp3 */ = {isa = PBXFileReference; lastKnownFileType = audio.mp3; path = newGame2.mp3; sourceTree = "<group>"; };
		0AC2219724A8D43A007E3BE9 /* point3.mp3 */ = {isa = PBXFileReference; lastKnownFileType = audio.mp3; path = point3.mp3; sourceTree = "<group>"; };
		0AC2219824A8D43A007E3BE9 /* point.mp3 */ = {isa = PBXFileReference; lastKnownFileType = audio.mp3; path = point.mp3; sourceTree = "<group>"; };
		0AC221A124A8DA96007E3BE9 /* menu.mp3 */ = {isa = PBXFileReference; lastKnownFileType = audio.mp3; path = menu.mp3; sourceTree = "<group>"; };
		0AD5858E25B48B37002C602C /* Silka Bold.otf */ = {isa = PBXFileReference; lastKnownFileType = file; path = "Silka Bold.otf"; sourceTree = "<group>"; };
		0AD5858F25B48B37002C602C /* Silka Regular.otf */ = {isa = PBXFileReference; lastKnownFileType = file; path = "Silka Regular.otf"; sourceTree = "<group>"; };
		0AD5859025B48B38002C602C /* SpaceMono-Regular.ttf */ = {isa = PBXFileReference; lastKnownFileType = file; path = "SpaceMono-Regular.ttf"; sourceTree = "<group>"; };
		0AD5859925B48F05002C602C /* PromotionBanner.swift */ = {isa = PBXFileReference; lastKnownFileType = sourcecode.swift; path = PromotionBanner.swift; sourceTree = "<group>"; };
		0AD5859C25B5C6DC002C602C /* StoreKit.framework */ = {isa = PBXFileReference; lastKnownFileType = wrapper.framework; name = StoreKit.framework; path = System/Library/Frameworks/StoreKit.framework; sourceTree = SDKROOT; };
		0AEB25FE2577D3AA008D9FDB /* PaymentManager.swift */ = {isa = PBXFileReference; lastKnownFileType = sourcecode.swift; path = PaymentManager.swift; sourceTree = "<group>"; };
		537A02B74C6BA3AF77AFEE37 /* Pods-Anlat Bakalım.release.xcconfig */ = {isa = PBXFileReference; includeInIndex = 1; lastKnownFileType = text.xcconfig; name = "Pods-Anlat Bakalım.release.xcconfig"; path = "Target Support Files/Pods-Anlat Bakalım/Pods-Anlat Bakalım.release.xcconfig"; sourceTree = "<group>"; };
		C5EFAA6772B0E204CE78EC3F /* Pods-Anlat Bakalım.debug.xcconfig */ = {isa = PBXFileReference; includeInIndex = 1; lastKnownFileType = text.xcconfig; name = "Pods-Anlat Bakalım.debug.xcconfig"; path = "Target Support Files/Pods-Anlat Bakalım/Pods-Anlat Bakalım.debug.xcconfig"; sourceTree = "<group>"; };
/* End PBXFileReference section */

/* Begin PBXFrameworksBuildPhase section */
		0A3C7011246567200088904A /* Frameworks */ = {
			isa = PBXFrameworksBuildPhase;
			buildActionMask = 2147483647;
			files = (
				0A90297E25A0D81A001D99E6 /* ConfettiView in Frameworks */,
				0AD5859D25B5C6DC002C602C /* StoreKit.framework in Frameworks */,
			);
			runOnlyForDeploymentPostprocessing = 0;
		};
/* End PBXFrameworksBuildPhase section */

/* Begin PBXGroup section */
		0A3C700B2465671F0088904A = {
			isa = PBXGroup;
			children = (
				0A3C7016246567200088904A /* AnlatBakalım */,
				0A3C7015246567200088904A /* Products */,
				E5FA9B5AC3C12FBF680680C1 /* Pods */,
				ED7C92E0B36BF703DC0D6CE4 /* Frameworks */,
			);
			sourceTree = "<group>";
		};
		0A3C7015246567200088904A /* Products */ = {
			isa = PBXGroup;
			children = (
				0A3C7014246567200088904A /* Anlat Bakalım.app */,
			);
			name = Products;
			sourceTree = "<group>";
		};
		0A3C7016246567200088904A /* AnlatBakalım */ = {
			isa = PBXGroup;
			children = (
				0AC1B34D25B3366400B42C52 /* Components */,
				0AC1B34C25B3364E00B42C52 /* SubViews */,
				0AB4D32A248BD4D00084DFB5 /* Fonts */,
				0A3C703A24658BD00088904A /* words.json */,
				0A3C702F24656C4F0088904A /* Services */,
				0A3C702E24656C420088904A /* Models */,
				0A3C7017246567200088904A /* AppDelegate.swift */,
				0A3C7019246567200088904A /* SceneDelegate.swift */,
				0A3C701E246567200088904A /* ContentView.swift */,
				0AB4D338248BD67E0084DFB5 /* crumbling.mp3 */,
				0A3C7020246567220088904A /* Assets.xcassets */,
				0A3C7025246567220088904A /* LaunchScreen.storyboard */,
				0A3C7028246567220088904A /* Info.plist */,
				0AC2219224A8D43A007E3BE9 /* lose.mp3 */,
				0AC2219324A8D43A007E3BE9 /* lose2.mp3 */,
				0AC2219424A8D43A007E3BE9 /* lose3.mp3 */,
				0AC221A124A8DA96007E3BE9 /* menu.mp3 */,
				0AC2219524A8D43A007E3BE9 /* newGame.mp3 */,
				0AC2219624A8D43A007E3BE9 /* newGame2.mp3 */,
				0AC2219824A8D43A007E3BE9 /* point.mp3 */,
				0AC2219124A8D439007E3BE9 /* point2.mp3 */,
				0AC2219724A8D43A007E3BE9 /* point3.mp3 */,
				0A3C701B246567200088904A /* AnlatBakalim.xcdatamodeld */,
				0A3C7022246567220088904A /* Preview Content */,
				0A3C70422465D65C0088904A /* Utils.swift */,
				0A002E00249E595400DC6103 /* Game.swift */,
			);
			path = "AnlatBakalım";
			sourceTree = "<group>";
		};
		0A3C7022246567220088904A /* Preview Content */ = {
			isa = PBXGroup;
			children = (
				0A3C7023246567220088904A /* Preview Assets.xcassets */,
			);
			path = "Preview Content";
			sourceTree = "<group>";
		};
		0A3C702E24656C420088904A /* Models */ = {
			isa = PBXGroup;
			children = (
				0A3C703024656C700088904A /* Word.swift */,
			);
			path = Models;
			sourceTree = "<group>";
		};
		0A3C702F24656C4F0088904A /* Services */ = {
			isa = PBXGroup;
			children = (
				0A3C7034246573470088904A /* Fetcher.swift */,
				0A37166924686C0900D6A0F9 /* CheckInternetConnection.swift */,
				0AB4D33A248BD6920084DFB5 /* SoundEffects.swift */,
				0AEB25FE2577D3AA008D9FDB /* PaymentManager.swift */,
			);
			path = Services;
			sourceTree = "<group>";
		};
		0AB4D32A248BD4D00084DFB5 /* Fonts */ = {
			isa = PBXGroup;
			children = (
				0A90007C249541190091733D /* Kalam-Bold.ttf */,
				0A90007B249541190091733D /* Kalam-Light.ttf */,
				0A9B8F6C24A88DD000CA3BEA /* monogram_extended.ttf */,
				0AD5858E25B48B37002C602C /* Silka Bold.otf */,
				0AD5858F25B48B37002C602C /* Silka Regular.otf */,
				0AD5859025B48B38002C602C /* SpaceMono-Regular.ttf */,
				0A90007A249541190091733D /* Kalam-Regular.ttf */,
			);
			path = Fonts;
			sourceTree = "<group>";
		};
		0AC1B34C25B3364E00B42C52 /* SubViews */ = {
			isa = PBXGroup;
			children = (
				0A3C703C2465A1230088904A /* SingleWordItem.swift */,
				0AC1B33D25B3276100B42C52 /* HeaderView.swift */,
				0AC1B33A25B3266800B42C52 /* GameEndedView.swift */,
				0AC1B35B25B33A9500B42C52 /* SettingsView.swift */,
				0AC1B36825B341CB00B42C52 /* CardStackView.swift */,
			);
			path = SubViews;
			sourceTree = "<group>";
		};
		0AC1B34D25B3366400B42C52 /* Components */ = {
			isa = PBXGroup;
			children = (
				0A3C70442465DD3E0088904A /* TimerRing.swift */,
				0A950104249FA4C00049477E /* GoodButton.swift */,
				0A002E02249E938B00DC6103 /* Button.swift */,
				0AC1B35F25B33DCB00B42C52 /* TrueOrFalseIcons.swift */,
				0AC1B36225B33E9800B42C52 /* PlayButton.swift */,
				0AC1B36525B3414200B42C52 /* PromotionButton.swift */,
				0AD5859925B48F05002C602C /* PromotionBanner.swift */,
			);
			path = Components;
			sourceTree = "<group>";
		};
		E5FA9B5AC3C12FBF680680C1 /* Pods */ = {
			isa = PBXGroup;
			children = (
				C5EFAA6772B0E204CE78EC3F /* Pods-Anlat Bakalım.debug.xcconfig */,
				537A02B74C6BA3AF77AFEE37 /* Pods-Anlat Bakalım.release.xcconfig */,
			);
			path = Pods;
			sourceTree = "<group>";
		};
		ED7C92E0B36BF703DC0D6CE4 /* Frameworks */ = {
			isa = PBXGroup;
			children = (
				0AD5859C25B5C6DC002C602C /* StoreKit.framework */,
			);
			name = Frameworks;
			sourceTree = "<group>";
		};
/* End PBXGroup section */

/* Begin PBXNativeTarget section */
		0A3C7013246567200088904A /* Anlat Bakalım */ = {
			isa = PBXNativeTarget;
			buildConfigurationList = 0A3C702B246567220088904A /* Build configuration list for PBXNativeTarget "Anlat Bakalım" */;
			buildPhases = (
				28C56F98EEEEE4964E5E6D43 /* [CP] Check Pods Manifest.lock */,
				0A3C7010246567200088904A /* Sources */,
				0A3C7011246567200088904A /* Frameworks */,
				0A3C7012246567200088904A /* Resources */,
				0AB4D333248BD56A0084DFB5 /* CopyFiles */,
				3406CE968B2953C9E771A188 /* [CP] Embed Pods Frameworks */,
			);
			buildRules = (
			);
			dependencies = (
			);
			name = "Anlat Bakalım";
			packageProductDependencies = (
				0A90297D25A0D81A001D99E6 /* ConfettiView */,
			);
			productName = AnlatBakalim;
			productReference = 0A3C7014246567200088904A /* Anlat Bakalım.app */;
			productType = "com.apple.product-type.application";
		};
/* End PBXNativeTarget section */

/* Begin PBXProject section */
		0A3C700C246567200088904A /* Project object */ = {
			isa = PBXProject;
			attributes = {
				LastSwiftUpdateCheck = 1140;
				LastUpgradeCheck = 1200;
				ORGANIZATIONNAME = "Steven J. Selcuk";
				TargetAttributes = {
					0A3C7013246567200088904A = {
						CreatedOnToolsVersion = 11.4.1;
					};
				};
			};
			buildConfigurationList = 0A3C700F246567200088904A /* Build configuration list for PBXProject "AnlatBakalım" */;
			compatibilityVersion = "Xcode 9.3";
			developmentRegion = en;
			hasScannedForEncodings = 0;
			knownRegions = (
				en,
				Base,
			);
			mainGroup = 0A3C700B2465671F0088904A;
			packageReferences = (
				0A90297C25A0D81A001D99E6 /* XCRemoteSwiftPackageReference "ConfettiView" */,
			);
			productRefGroup = 0A3C7015246567200088904A /* Products */;
			projectDirPath = "";
			projectRoot = "";
			targets = (
				0A3C7013246567200088904A /* Anlat Bakalım */,
			);
		};
/* End PBXProject section */

/* Begin PBXResourcesBuildPhase section */
		0A3C7012246567200088904A /* Resources */ = {
			isa = PBXResourcesBuildPhase;
			buildActionMask = 2147483647;
			files = (
				0AC2219E24A8D43A007E3BE9 /* newGame2.mp3 in Resources */,
				0A90007D249541190091733D /* Kalam-Regular.ttf in Resources */,
				0AD5859325B48B38002C602C /* SpaceMono-Regular.ttf in Resources */,
				0AB4D339248BD67E0084DFB5 /* crumbling.mp3 in Resources */,
				0AD5859125B48B38002C602C /* Silka Bold.otf in Resources */,
				0A3C7027246567220088904A /* LaunchScreen.storyboard in Resources */,
				0A9B8F6D24A88DD000CA3BEA /* monogram_extended.ttf in Resources */,
				0AC2219F24A8D43A007E3BE9 /* point3.mp3 in Resources */,
				0AC2219B24A8D43A007E3BE9 /* lose2.mp3 in Resources */,
				0AC2219D24A8D43A007E3BE9 /* newGame.mp3 in Resources */,
				0A3C703B24658BD00088904A /* words.json in Resources */,
				0AC221A024A8D43A007E3BE9 /* point.mp3 in Resources */,
				0A90007E249541190091733D /* Kalam-Light.ttf in Resources */,
				0AC221A224A8DA96007E3BE9 /* menu.mp3 in Resources */,
				0AC2219C24A8D43A007E3BE9 /* lose3.mp3 in Resources */,
				0AC2219924A8D43A007E3BE9 /* point2.mp3 in Resources */,
				0A3C7024246567220088904A /* Preview Assets.xcassets in Resources */,
				0A90007F249541190091733D /* Kalam-Bold.ttf in Resources */,
				0A3C7021246567220088904A /* Assets.xcassets in Resources */,
				0AD5859225B48B38002C602C /* Silka Regular.otf in Resources */,
				0AC2219A24A8D43A007E3BE9 /* lose.mp3 in Resources */,
			);
			runOnlyForDeploymentPostprocessing = 0;
		};
/* End PBXResourcesBuildPhase section */

/* Begin PBXShellScriptBuildPhase section */
		28C56F98EEEEE4964E5E6D43 /* [CP] Check Pods Manifest.lock */ = {
			isa = PBXShellScriptBuildPhase;
			buildActionMask = 2147483647;
			files = (
			);
			inputFileListPaths = (
			);
			inputPaths = (
				"${PODS_PODFILE_DIR_PATH}/Podfile.lock",
				"${PODS_ROOT}/Manifest.lock",
			);
			name = "[CP] Check Pods Manifest.lock";
			outputFileListPaths = (
			);
			outputPaths = (
				"$(DERIVED_FILE_DIR)/Pods-Anlat Bakalım-checkManifestLockResult.txt",
			);
			runOnlyForDeploymentPostprocessing = 0;
			shellPath = /bin/sh;
			shellScript = "diff \"${PODS_PODFILE_DIR_PATH}/Podfile.lock\" \"${PODS_ROOT}/Manifest.lock\" > /dev/null\nif [ $? != 0 ] ; then\n    # print error to STDERR\n    echo \"error: The sandbox is not in sync with the Podfile.lock. Run 'pod install' or update your CocoaPods installation.\" >&2\n    exit 1\nfi\n# This output is used by Xcode 'outputs' to avoid re-running this script phase.\necho \"SUCCESS\" > \"${SCRIPT_OUTPUT_FILE_0}\"\n";
			showEnvVarsInLog = 0;
		};
		3406CE968B2953C9E771A188 /* [CP] Embed Pods Frameworks */ = {
			isa = PBXShellScriptBuildPhase;
			buildActionMask = 2147483647;
			files = (
			);
			inputFileListPaths = (
				"${PODS_ROOT}/Target Support Files/Pods-Anlat Bakalım/Pods-Anlat Bakalım-frameworks-${CONFIGURATION}-input-files.xcfilelist",
			);
			name = "[CP] Embed Pods Frameworks";
			outputFileListPaths = (
				"${PODS_ROOT}/Target Support Files/Pods-Anlat Bakalım/Pods-Anlat Bakalım-frameworks-${CONFIGURATION}-output-files.xcfilelist",
			);
			runOnlyForDeploymentPostprocessing = 0;
			shellPath = /bin/sh;
			shellScript = "\"${PODS_ROOT}/Target Support Files/Pods-Anlat Bakalım/Pods-Anlat Bakalım-frameworks.sh\"\n";
			showEnvVarsInLog = 0;
		};
/* End PBXShellScriptBuildPhase section */

/* Begin PBXSourcesBuildPhase section */
		0A3C7010246567200088904A /* Sources */ = {
			isa = PBXSourcesBuildPhase;
			buildActionMask = 2147483647;
			files = (
				0A37166A24686C0900D6A0F9 /* CheckInternetConnection.swift in Sources */,
				0AC1B36325B33E9800B42C52 /* PlayButton.swift in Sources */,
				0AC1B33E25B3276100B42C52 /* HeaderView.swift in Sources */,
				0A3C7035246573470088904A /* Fetcher.swift in Sources */,
				0AD5859A25B48F05002C602C /* PromotionBanner.swift in Sources */,
				0AB4D33B248BD6920084DFB5 /* SoundEffects.swift in Sources */,
				0A002E01249E595400DC6103 /* Game.swift in Sources */,
				0A3C701D246567200088904A /* AnlatBakalim.xcdatamodeld in Sources */,
				0A3C7018246567200088904A /* AppDelegate.swift in Sources */,
				0AC1B36625B3414200B42C52 /* PromotionButton.swift in Sources */,
				0A3C703124656C700088904A /* Word.swift in Sources */,
				0A002E03249E938B00DC6103 /* Button.swift in Sources */,
				0AEB25FF2577D3AA008D9FDB /* PaymentManager.swift in Sources */,
				0AC1B36025B33DCB00B42C52 /* TrueOrFalseIcons.swift in Sources */,
				0AC1B36925B341CB00B42C52 /* CardStackView.swift in Sources */,
				0A3C701F246567200088904A /* ContentView.swift in Sources */,
				0A3C703D2465A1230088904A /* SingleWordItem.swift in Sources */,
				0A3C70452465DD3E0088904A /* TimerRing.swift in Sources */,
				0A3C701A246567200088904A /* SceneDelegate.swift in Sources */,
				0A950105249FA4C00049477E /* GoodButton.swift in Sources */,
				0AC1B33B25B3266800B42C52 /* GameEndedView.swift in Sources */,
				0A3C70432465D65C0088904A /* Utils.swift in Sources */,
				0AC1B35C25B33A9500B42C52 /* SettingsView.swift in Sources */,
			);
			runOnlyForDeploymentPostprocessing = 0;
		};
/* End PBXSourcesBuildPhase section */

/* Begin PBXVariantGroup section */
		0A3C7025246567220088904A /* LaunchScreen.storyboard */ = {
			isa = PBXVariantGroup;
			children = (
				0A3C7026246567220088904A /* Base */,
			);
			name = LaunchScreen.storyboard;
			sourceTree = "<group>";
		};
/* End PBXVariantGroup section */

/* Begin XCBuildConfiguration section */
		0A3C7029246567220088904A /* Debug */ = {
			isa = XCBuildConfiguration;
			buildSettings = {
				ALWAYS_SEARCH_USER_PATHS = NO;
				CLANG_ANALYZER_NONNULL = YES;
				CLANG_ANALYZER_NUMBER_OBJECT_CONVERSION = YES_AGGRESSIVE;
				CLANG_CXX_LANGUAGE_STANDARD = "gnu++14";
				CLANG_CXX_LIBRARY = "libc++";
				CLANG_ENABLE_MODULES = YES;
				CLANG_ENABLE_OBJC_ARC = YES;
				CLANG_ENABLE_OBJC_WEAK = YES;
				CLANG_WARN_BLOCK_CAPTURE_AUTORELEASING = YES;
				CLANG_WARN_BOOL_CONVERSION = YES;
				CLANG_WARN_COMMA = YES;
				CLANG_WARN_CONSTANT_CONVERSION = YES;
				CLANG_WARN_DEPRECATED_OBJC_IMPLEMENTATIONS = YES;
				CLANG_WARN_DIRECT_OBJC_ISA_USAGE = YES_ERROR;
				CLANG_WARN_DOCUMENTATION_COMMENTS = YES;
				CLANG_WARN_EMPTY_BODY = YES;
				CLANG_WARN_ENUM_CONVERSION = YES;
				CLANG_WARN_INFINITE_RECURSION = YES;
				CLANG_WARN_INT_CONVERSION = YES;
				CLANG_WARN_NON_LITERAL_NULL_CONVERSION = YES;
				CLANG_WARN_OBJC_IMPLICIT_RETAIN_SELF = YES;
				CLANG_WARN_OBJC_LITERAL_CONVERSION = YES;
				CLANG_WARN_OBJC_ROOT_CLASS = YES_ERROR;
				CLANG_WARN_QUOTED_INCLUDE_IN_FRAMEWORK_HEADER = YES;
				CLANG_WARN_RANGE_LOOP_ANALYSIS = YES;
				CLANG_WARN_STRICT_PROTOTYPES = YES;
				CLANG_WARN_SUSPICIOUS_MOVE = YES;
				CLANG_WARN_UNGUARDED_AVAILABILITY = YES_AGGRESSIVE;
				CLANG_WARN_UNREACHABLE_CODE = YES;
				CLANG_WARN__DUPLICATE_METHOD_MATCH = YES;
				COPY_PHASE_STRIP = NO;
				DEBUG_INFORMATION_FORMAT = dwarf;
				ENABLE_STRICT_OBJC_MSGSEND = YES;
				ENABLE_TESTABILITY = YES;
				GCC_C_LANGUAGE_STANDARD = gnu11;
				GCC_DYNAMIC_NO_PIC = NO;
				GCC_NO_COMMON_BLOCKS = YES;
				GCC_OPTIMIZATION_LEVEL = 0;
				GCC_PREPROCESSOR_DEFINITIONS = (
					"DEBUG=1",
					"$(inherited)",
				);
				GCC_WARN_64_TO_32_BIT_CONVERSION = YES;
				GCC_WARN_ABOUT_RETURN_TYPE = YES_ERROR;
				GCC_WARN_UNDECLARED_SELECTOR = YES;
				GCC_WARN_UNINITIALIZED_AUTOS = YES_AGGRESSIVE;
				GCC_WARN_UNUSED_FUNCTION = YES;
				GCC_WARN_UNUSED_VARIABLE = YES;
				IPHONEOS_DEPLOYMENT_TARGET = 13.4;
				MTL_ENABLE_DEBUG_INFO = INCLUDE_SOURCE;
				MTL_FAST_MATH = YES;
				ONLY_ACTIVE_ARCH = YES;
				SDKROOT = iphoneos;
				SWIFT_ACTIVE_COMPILATION_CONDITIONS = DEBUG;
				SWIFT_OPTIMIZATION_LEVEL = "-Onone";
			};
			name = Debug;
		};
		0A3C702A246567220088904A /* Release */ = {
			isa = XCBuildConfiguration;
			buildSettings = {
				ALWAYS_SEARCH_USER_PATHS = NO;
				CLANG_ANALYZER_NONNULL = YES;
				CLANG_ANALYZER_NUMBER_OBJECT_CONVERSION = YES_AGGRESSIVE;
				CLANG_CXX_LANGUAGE_STANDARD = "gnu++14";
				CLANG_CXX_LIBRARY = "libc++";
				CLANG_ENABLE_MODULES = YES;
				CLANG_ENABLE_OBJC_ARC = YES;
				CLANG_ENABLE_OBJC_WEAK = YES;
				CLANG_WARN_BLOCK_CAPTURE_AUTORELEASING = YES;
				CLANG_WARN_BOOL_CONVERSION = YES;
				CLANG_WARN_COMMA = YES;
				CLANG_WARN_CONSTANT_CONVERSION = YES;
				CLANG_WARN_DEPRECATED_OBJC_IMPLEMENTATIONS = YES;
				CLANG_WARN_DIRECT_OBJC_ISA_USAGE = YES_ERROR;
				CLANG_WARN_DOCUMENTATION_COMMENTS = YES;
				CLANG_WARN_EMPTY_BODY = YES;
				CLANG_WARN_ENUM_CONVERSION = YES;
				CLANG_WARN_INFINITE_RECURSION = YES;
				CLANG_WARN_INT_CONVERSION = YES;
				CLANG_WARN_NON_LITERAL_NULL_CONVERSION = YES;
				CLANG_WARN_OBJC_IMPLICIT_RETAIN_SELF = YES;
				CLANG_WARN_OBJC_LITERAL_CONVERSION = YES;
				CLANG_WARN_OBJC_ROOT_CLASS = YES_ERROR;
				CLANG_WARN_QUOTED_INCLUDE_IN_FRAMEWORK_HEADER = YES;
				CLANG_WARN_RANGE_LOOP_ANALYSIS = YES;
				CLANG_WARN_STRICT_PROTOTYPES = YES;
				CLANG_WARN_SUSPICIOUS_MOVE = YES;
				CLANG_WARN_UNGUARDED_AVAILABILITY = YES_AGGRESSIVE;
				CLANG_WARN_UNREACHABLE_CODE = YES;
				CLANG_WARN__DUPLICATE_METHOD_MATCH = YES;
				COPY_PHASE_STRIP = NO;
				DEBUG_INFORMATION_FORMAT = "dwarf-with-dsym";
				ENABLE_NS_ASSERTIONS = NO;
				ENABLE_STRICT_OBJC_MSGSEND = YES;
				GCC_C_LANGUAGE_STANDARD = gnu11;
				GCC_NO_COMMON_BLOCKS = YES;
				GCC_WARN_64_TO_32_BIT_CONVERSION = YES;
				GCC_WARN_ABOUT_RETURN_TYPE = YES_ERROR;
				GCC_WARN_UNDECLARED_SELECTOR = YES;
				GCC_WARN_UNINITIALIZED_AUTOS = YES_AGGRESSIVE;
				GCC_WARN_UNUSED_FUNCTION = YES;
				GCC_WARN_UNUSED_VARIABLE = YES;
				IPHONEOS_DEPLOYMENT_TARGET = 13.4;
				MTL_ENABLE_DEBUG_INFO = NO;
				MTL_FAST_MATH = YES;
				SDKROOT = iphoneos;
				SWIFT_COMPILATION_MODE = wholemodule;
				SWIFT_OPTIMIZATION_LEVEL = "-O";
				VALIDATE_PRODUCT = YES;
			};
			name = Release;
		};
		0A3C702C246567220088904A /* Debug */ = {
			isa = XCBuildConfiguration;
			baseConfigurationReference = C5EFAA6772B0E204CE78EC3F /* Pods-Anlat Bakalım.debug.xcconfig */;
			buildSettings = {
				ASSETCATALOG_COMPILER_APPICON_NAME = AppIcon;
				CODE_SIGN_STYLE = Automatic;
				CURRENT_PROJECT_VERSION = 6;
				DEVELOPMENT_ASSET_PATHS = "\"AnlatBakalım/Preview Content\"";
				DEVELOPMENT_TEAM = 9937MYTBBA;
				ENABLE_PREVIEWS = YES;
				INFOPLIST_FILE = "$(SRCROOT)/AnlatBakalım/Info.plist";
				LD_RUNPATH_SEARCH_PATHS = (
					"$(inherited)",
					"@executable_path/Frameworks",
				);
				MARKETING_VERSION = 1.0;
				PRODUCT_BUNDLE_IDENTIFIER = org.tabbycat.AnlatBakalim;
				PRODUCT_NAME = "Anlat Bakalım";
				SWIFT_VERSION = 5.0;
				TARGETED_DEVICE_FAMILY = "1,2";
			};
			name = Debug;
		};
		0A3C702D246567220088904A /* Release */ = {
			isa = XCBuildConfiguration;
			baseConfigurationReference = 537A02B74C6BA3AF77AFEE37 /* Pods-Anlat Bakalım.release.xcconfig */;
			buildSettings = {
				ASSETCATALOG_COMPILER_APPICON_NAME = AppIcon;
				CODE_SIGN_STYLE = Automatic;
				CURRENT_PROJECT_VERSION = 6;
				DEVELOPMENT_ASSET_PATHS = "\"AnlatBakalım/Preview Content\"";
				DEVELOPMENT_TEAM = 9937MYTBBA;
				ENABLE_PREVIEWS = YES;
				INFOPLIST_FILE = "$(SRCROOT)/AnlatBakalım/Info.plist";
				LD_RUNPATH_SEARCH_PATHS = (
					"$(inherited)",
					"@executable_path/Frameworks",
				);
				MARKETING_VERSION = 1.0;
				PRODUCT_BUNDLE_IDENTIFIER = org.tabbycat.AnlatBakalim;
				PRODUCT_NAME = "Anlat Bakalım";
				SWIFT_VERSION = 5.0;
				TARGETED_DEVICE_FAMILY = "1,2";
			};
			name = Release;
		};
/* End XCBuildConfiguration section */

/* Begin XCConfigurationList section */
		0A3C700F246567200088904A /* Build configuration list for PBXProject "AnlatBakalım" */ = {
			isa = XCConfigurationList;
			buildConfigurations = (
				0A3C7029246567220088904A /* Debug */,
				0A3C702A246567220088904A /* Release */,
			);
			defaultConfigurationIsVisible = 0;
			defaultConfigurationName = Release;
		};
		0A3C702B246567220088904A /* Build configuration list for PBXNativeTarget "Anlat Bakalım" */ = {
			isa = XCConfigurationList;
			buildConfigurations = (
				0A3C702C246567220088904A /* Debug */,
				0A3C702D246567220088904A /* Release */,
			);
			defaultConfigurationIsVisible = 0;
			defaultConfigurationName = Release;
		};
/* End XCConfigurationList section */

/* Begin XCRemoteSwiftPackageReference section */
		0A90297C25A0D81A001D99E6 /* XCRemoteSwiftPackageReference "ConfettiView" */ = {
			isa = XCRemoteSwiftPackageReference;
			repositoryURL = "https://github.com/ziligy/ConfettiView";
			requirement = {
				kind = upToNextMajorVersion;
				minimumVersion = 1.0.1;
			};
		};
/* End XCRemoteSwiftPackageReference section */

/* Begin XCSwiftPackageProductDependency section */
		0A90297D25A0D81A001D99E6 /* ConfettiView */ = {
			isa = XCSwiftPackageProductDependency;
			package = 0A90297C25A0D81A001D99E6 /* XCRemoteSwiftPackageReference "ConfettiView" */;
			productName = ConfettiView;
		};
/* End XCSwiftPackageProductDependency section */

/* Begin XCVersionGroup section */
		0A3C701B246567200088904A /* AnlatBakalim.xcdatamodeld */ = {
			isa = XCVersionGroup;
			children = (
				0A3C701C246567200088904A /* AnlatBakalim.xcdatamodel */,
			);
			currentVersion = 0A3C701C246567200088904A /* AnlatBakalim.xcdatamodel */;
			path = AnlatBakalim.xcdatamodeld;
			sourceTree = "<group>";
			versionGroupType = wrapper.xcdatamodel;
		};
/* End XCVersionGroup section */
	};
	rootObject = 0A3C700C246567200088904A /* Project object */;
}
